
Microsoft Visual Studio Solution File, Format Version 12.00
# Visual Studio Version 16
VisualStudioVersion = 16.0.33027.164
MinimumVisualStudioVersion = 10.0.40219.1
Project("{FAE04EC0-301F-11D3-BF4B-00C04F79EFBC}") = "MeetUP", "MeetUP\MeetUP.csproj", "{F156E69B-9226-4842-9705-9D26736F4506}"
EndProject
Global
	GlobalSection(SolutionConfigurationPlatforms) = preSolution
		Debug|Any CPU = Debug|Any CPU
		Release|Any CPU = Release|Any CPU
	EndGlobalSection
	GlobalSection(ProjectConfigurationPlatforms) = postSolution
		{F156E69B-9226-4842-9705-9D26736F4506}.Debug|Any CPU.ActiveCfg = Debug|Any CPU
		{F156E69B-9226-4842-9705-9D26736F4506}.Debug|Any CPU.Build.0 = Debug|Any CPU
		{F156E69B-9226-4842-9705-9D26736F4506}.Release|Any CPU.ActiveCfg = Release|Any CPU
		{F156E69B-9226-4842-9705-9D26736F4506}.Release|Any CPU.Build.0 = Release|Any CPU
	EndGlobalSection
	GlobalSection(SolutionProperties) = preSolution
		HideSolutionNode = FALSE
	EndGlobalSection
	GlobalSection(ExtensibilityGlobals) = postSolution
		SolutionGuid = {F9450197-E6F4-49F8-BFB7-14BA1371A357}
	EndGlobalSection
EndGlobal
